
Microsoft Visual Studio Solution File, Format Version 12.00
# Visual Studio Version 17
VisualStudioVersion = 17.5.33502.453
MinimumVisualStudioVersion = 10.0.40219.1
Project("{FAE04EC0-301F-11D3-BF4B-00C04F79EFBC}") = "tapsiriq 21ok", "tapsiriq 21ok\tapsiriq 21ok.csproj", "{A184F4BD-F83F-4AE0-B45D-DFF6D48DB224}"
EndProject
Global
	GlobalSection(SolutionConfigurationPlatforms) = preSolution
		Debug|Any CPU = Debug|Any CPU
		Release|Any CPU = Release|Any CPU
	EndGlobalSection
	GlobalSection(ProjectConfigurationPlatforms) = postSolution
		{A184F4BD-F83F-4AE0-B45D-DFF6D48DB224}.Debug|Any CPU.ActiveCfg = Debug|Any CPU
		{A184F4BD-F83F-4AE0-B45D-DFF6D48DB224}.Debug|Any CPU.Build.0 = Debug|Any CPU
		{A184F4BD-F83F-4AE0-B45D-DFF6D48DB224}.Release|Any CPU.ActiveCfg = Release|Any CPU
		{A184F4BD-F83F-4AE0-B45D-DFF6D48DB224}.Release|Any CPU.Build.0 = Release|Any CPU
	EndGlobalSection
	GlobalSection(SolutionProperties) = preSolution
		HideSolutionNode = FALSE
	EndGlobalSection
	GlobalSection(ExtensibilityGlobals) = postSolution
		SolutionGuid = {2F4FBDF2-FA86-4B6B-94F9-FE58CBEEB5EA}
	EndGlobalSection
EndGlobal
